// !$*UTF8*$!
{
	archiveVersion = 1;
	classes = {
	};
	objectVersion = 56;
	objects = {

/* Begin PBXBuildFile section */
		3D8DE9F32B667775003CE190 /* main.swift in Sources */ = {isa = PBXBuildFile; fileRef = 3D8DE9F22B667775003CE190 /* main.swift */; };
/* End PBXBuildFile section */

/* Begin PBXCopyFilesBuildPhase section */
		3DF100002B300A0F008FEBBB /* CopyFiles */ = {
			isa = PBXCopyFilesBuildPhase;
			buildActionMask = 2147483647;
			dstPath = /usr/share/man/man1/;
			dstSubfolderSpec = 0;
			files = (
			);
			runOnlyForDeploymentPostprocessing = 1;
		};
/* End PBXCopyFilesBuildPhase section */

/* Begin PBXFileReference section */
		3D55F62E2B3D6AF50040C8A5 /* bulgi.swift */ = {isa = PBXFileReference; lastKnownFileType = sourcecode.swift; path = bulgi.swift; sourceTree = "<group>"; };
		3D55F6302B3D6CE40040C8A5 /* mod.swift */ = {isa = PBXFileReference; lastKnownFileType = sourcecode.swift; path = mod.swift; sourceTree = "<group>"; };
		3D55F6332B3D6F340040C8A5 /* multiplication.swift */ = {isa = PBXFileReference; lastKnownFileType = sourcecode.swift; path = multiplication.swift; sourceTree = "<group>"; };
		3D5DFF412B5A7AA90096C5E4 /* gugudan.swift */ = {isa = PBXFileReference; lastKnownFileType = sourcecode.swift; path = gugudan.swift; sourceTree = "<group>"; };
		3D5DFF432B5A7C3B0096C5E4 /* aPlusB_3.swift */ = {isa = PBXFileReference; lastKnownFileType = sourcecode.swift; path = aPlusB_3.swift; sourceTree = "<group>"; };
		3D5DFF452B5A7E430096C5E4 /* sum.swift */ = {isa = PBXFileReference; lastKnownFileType = sourcecode.swift; path = sum.swift; sourceTree = "<group>"; };
		3D5DFF472B5A7FC20096C5E4 /* receipt.swift */ = {isa = PBXFileReference; lastKnownFileType = sourcecode.swift; path = receipt.swift; sourceTree = "<group>"; };
		3D5DFF492B5A821D0096C5E4 /* codingIsPE.swift */ = {isa = PBXFileReference; lastKnownFileType = sourcecode.swift; path = codingIsPE.swift; sourceTree = "<group>"; };
		3D65954A2B540E7400C1F751 /* leapYear.swift */ = {isa = PBXFileReference; lastKnownFileType = sourcecode.swift; path = leapYear.swift; sourceTree = "<group>"; };
		3D65954C2B540FDF00C1F751 /* quadrant.swift */ = {isa = PBXFileReference; lastKnownFileType = sourcecode.swift; path = quadrant.swift; sourceTree = "<group>"; };
		3D65954E2B5410E700C1F751 /* alarmClock.swift */ = {isa = PBXFileReference; lastKnownFileType = sourcecode.swift; path = alarmClock.swift; sourceTree = "<group>"; };
		3D6595502B54133300C1F751 /* ovenClock.swift */ = {isa = PBXFileReference; lastKnownFileType = sourcecode.swift; path = ovenClock.swift; sourceTree = "<group>"; };
		3D6595522B54196900C1F751 /* threeDice.swift */ = {isa = PBXFileReference; lastKnownFileType = sourcecode.swift; path = threeDice.swift; sourceTree = "<group>"; };
		3D8DE9EC2B667298003CE190 /* aPlusB_7.swift */ = {isa = PBXFileReference; lastKnownFileType = sourcecode.swift; path = aPlusB_7.swift; sourceTree = "<group>"; };
		3D8DE9EE2B6675CD003CE190 /* aPlusB_8.swift */ = {isa = PBXFileReference; lastKnownFileType = sourcecode.swift; path = aPlusB_8.swift; sourceTree = "<group>"; };
		3D8DE9F02B667656003CE190 /* star_1.swift */ = {isa = PBXFileReference; lastKnownFileType = sourcecode.swift; path = star_1.swift; sourceTree = "<group>"; };
		3D8DE9F22B667775003CE190 /* main.swift */ = {isa = PBXFileReference; lastKnownFileType = sourcecode.swift; path = main.swift; sourceTree = "<group>"; };
		3D8F6D0A2B493F22008719C4 /* kkomaJeongmin.swift */ = {isa = PBXFileReference; lastKnownFileType = sourcecode.swift; path = kkomaJeongmin.swift; sourceTree = "<group>"; };
		3D8F6D0C2B494009008719C4 /* cat.swift */ = {isa = PBXFileReference; lastKnownFileType = sourcecode.swift; path = cat.swift; sourceTree = "<group>"; };
		3D8F6D0E2B49421D008719C4 /* dog.swift */ = {isa = PBXFileReference; lastKnownFileType = sourcecode.swift; path = dog.swift; sourceTree = "<group>"; };
		3D8F6D102B4942DA008719C4 /* compareTwoNumbers.swift */ = {isa = PBXFileReference; lastKnownFileType = sourcecode.swift; path = compareTwoNumbers.swift; sourceTree = "<group>"; };
		3D8F6D122B49442C008719C4 /* testScore.swift */ = {isa = PBXFileReference; lastKnownFileType = sourcecode.swift; path = testScore.swift; sourceTree = "<group>"; };
		3D9F883A2B32A3B5008B162D /* ??!.swift */ = {isa = PBXFileReference; lastKnownFileType = sourcecode.swift; path = "??!.swift"; sourceTree = "<group>"; };
		3DF100022B300A0F008FEBBB /* Swift Algorithm */ = {isa = PBXFileReference; explicitFileType = "compiled.mach-o.executable"; includeInIndex = 0; path = "Swift Algorithm"; sourceTree = BUILT_PRODUCTS_DIR; };
		3DF100052B300A0F008FEBBB /* helloWorld.swift */ = {isa = PBXFileReference; lastKnownFileType = sourcecode.swift; path = helloWorld.swift; sourceTree = "<group>"; };
		3DF1000F2B300AD4008FEBBB /* add.swift */ = {isa = PBXFileReference; lastKnownFileType = sourcecode.swift; path = add.swift; sourceTree = "<group>"; };
		3DF100112B300C68008FEBBB /* subtract.swift */ = {isa = PBXFileReference; lastKnownFileType = sourcecode.swift; path = subtract.swift; sourceTree = "<group>"; };
		3DF100132B300D43008FEBBB /* multiply.swift */ = {isa = PBXFileReference; lastKnownFileType = sourcecode.swift; path = multiply.swift; sourceTree = "<group>"; };
		3DF100152B300F8E008FEBBB /* divide.swift */ = {isa = PBXFileReference; lastKnownFileType = sourcecode.swift; path = divide.swift; sourceTree = "<group>"; };
		3DF1001B2B302330008FEBBB /* arithmetic.swift */ = {isa = PBXFileReference; lastKnownFileType = sourcecode.swift; path = arithmetic.swift; sourceTree = "<group>"; };
/* End PBXFileReference section */

/* Begin PBXFrameworksBuildPhase section */
		3DF1FFFF2B300A0F008FEBBB /* Frameworks */ = {
			isa = PBXFrameworksBuildPhase;
			buildActionMask = 2147483647;
			files = (
			);
			runOnlyForDeploymentPostprocessing = 0;
		};
/* End PBXFrameworksBuildPhase section */

/* Begin PBXGroup section */
		3DF100032B300A0F008FEBBB /* Products */ = {
			isa = PBXGroup;
			children = (
				3DF100022B300A0F008FEBBB /* Swift Algorithm */,
			);
			name = Products;
			sourceTree = "<group>";
		};
		3DF100042B300A0F008FEBBB /* Swift Algorithm */ = {
			isa = PBXGroup;
			children = (
				3DF100052B300A0F008FEBBB /* helloWorld.swift */,
				3DF1000F2B300AD4008FEBBB /* add.swift */,
				3DF100112B300C68008FEBBB /* subtract.swift */,
				3DF100132B300D43008FEBBB /* multiply.swift */,
				3DF100152B300F8E008FEBBB /* divide.swift */,
				3DF1001B2B302330008FEBBB /* arithmetic.swift */,
				3D9F883A2B32A3B5008B162D /* ??!.swift */,
				3D55F62E2B3D6AF50040C8A5 /* bulgi.swift */,
				3D55F6302B3D6CE40040C8A5 /* mod.swift */,
				3D55F6332B3D6F340040C8A5 /* multiplication.swift */,
				3D8F6D0A2B493F22008719C4 /* kkomaJeongmin.swift */,
				3D8F6D0C2B494009008719C4 /* cat.swift */,
				3D8F6D0E2B49421D008719C4 /* dog.swift */,
				3D8F6D102B4942DA008719C4 /* compareTwoNumbers.swift */,
				3D8F6D122B49442C008719C4 /* testScore.swift */,
				3D65954A2B540E7400C1F751 /* leapYear.swift */,
				3D65954C2B540FDF00C1F751 /* quadrant.swift */,
				3D65954E2B5410E700C1F751 /* alarmClock.swift */,
				3D6595502B54133300C1F751 /* ovenClock.swift */,
				3D6595522B54196900C1F751 /* threeDice.swift */,
				3D5DFF412B5A7AA90096C5E4 /* gugudan.swift */,
				3D5DFF432B5A7C3B0096C5E4 /* aPlusB_3.swift */,
				3D5DFF452B5A7E430096C5E4 /* sum.swift */,
				3D5DFF472B5A7FC20096C5E4 /* receipt.swift */,
				3D5DFF492B5A821D0096C5E4 /* codingIsPE.swift */,
				3D8DE9EC2B667298003CE190 /* aPlusB_7.swift */,
				3D8DE9EE2B6675CD003CE190 /* aPlusB_8.swift */,
				3D8DE9F02B667656003CE190 /* star_1.swift */,
				3D8DE9F22B667775003CE190 /* main.swift */,
			);
			path = "Swift Algorithm";
			sourceTree = "<group>";
		};
		3DF1FFF92B300A0F008FEBBB = {
			isa = PBXGroup;
			children = (
				3DF100042B300A0F008FEBBB /* Swift Algorithm */,
				3DF100032B300A0F008FEBBB /* Products */,
			);
			sourceTree = "<group>";
		};
/* End PBXGroup section */

/* Begin PBXNativeTarget section */
		3DF100012B300A0F008FEBBB /* Swift Algorithm */ = {
			isa = PBXNativeTarget;
			buildConfigurationList = 3DF100092B300A0F008FEBBB /* Build configuration list for PBXNativeTarget "Swift Algorithm" */;
			buildPhases = (
				3DF1FFFE2B300A0F008FEBBB /* Sources */,
				3DF1FFFF2B300A0F008FEBBB /* Frameworks */,
				3DF100002B300A0F008FEBBB /* CopyFiles */,
			);
			buildRules = (
			);
			dependencies = (
			);
			name = "Swift Algorithm";
			productName = "Swift Algorithm";
			productReference = 3DF100022B300A0F008FEBBB /* Swift Algorithm */;
			productType = "com.apple.product-type.tool";
		};
/* End PBXNativeTarget section */

/* Begin PBXProject section */
		3DF1FFFA2B300A0F008FEBBB /* Project object */ = {
			isa = PBXProject;
			attributes = {
				BuildIndependentTargetsInParallel = 1;
				LastSwiftUpdateCheck = 1500;
				LastUpgradeCheck = 1500;
				TargetAttributes = {
					3DF100012B300A0F008FEBBB = {
						CreatedOnToolsVersion = 15.0.1;
						LastSwiftMigration = 1500;
					};
				};
			};
			buildConfigurationList = 3DF1FFFD2B300A0F008FEBBB /* Build configuration list for PBXProject "Swift Algorithm" */;
			compatibilityVersion = "Xcode 14.0";
			developmentRegion = en;
			hasScannedForEncodings = 0;
			knownRegions = (
				en,
				Base,
			);
			mainGroup = 3DF1FFF92B300A0F008FEBBB;
			productRefGroup = 3DF100032B300A0F008FEBBB /* Products */;
			projectDirPath = "";
			projectRoot = "";
			targets = (
				3DF100012B300A0F008FEBBB /* Swift Algorithm */,
			);
		};
/* End PBXProject section */

/* Begin PBXSourcesBuildPhase section */
		3DF1FFFE2B300A0F008FEBBB /* Sources */ = {
			isa = PBXSourcesBuildPhase;
			buildActionMask = 2147483647;
			files = (
				3D8DE9F32B667775003CE190 /* main.swift in Sources */,
			);
			runOnlyForDeploymentPostprocessing = 0;
		};
/* End PBXSourcesBuildPhase section */

/* Begin XCBuildConfiguration section */
		3DF100072B300A0F008FEBBB /* Debug */ = {
			isa = XCBuildConfiguration;
			buildSettings = {
				ALWAYS_SEARCH_USER_PATHS = NO;
				ASSETCATALOG_COMPILER_GENERATE_SWIFT_ASSET_SYMBOL_EXTENSIONS = YES;
				CLANG_ANALYZER_NONNULL = YES;
				CLANG_ANALYZER_NUMBER_OBJECT_CONVERSION = YES_AGGRESSIVE;
				CLANG_CXX_LANGUAGE_STANDARD = "gnu++20";
				CLANG_ENABLE_MODULES = YES;
				CLANG_ENABLE_OBJC_ARC = YES;
				CLANG_ENABLE_OBJC_WEAK = YES;
				CLANG_WARN_BLOCK_CAPTURE_AUTORELEASING = YES;
				CLANG_WARN_BOOL_CONVERSION = YES;
				CLANG_WARN_COMMA = YES;
				CLANG_WARN_CONSTANT_CONVERSION = YES;
				CLANG_WARN_DEPRECATED_OBJC_IMPLEMENTATIONS = YES;
				CLANG_WARN_DIRECT_OBJC_ISA_USAGE = YES_ERROR;
				CLANG_WARN_DOCUMENTATION_COMMENTS = YES;
				CLANG_WARN_EMPTY_BODY = YES;
				CLANG_WARN_ENUM_CONVERSION = YES;
				CLANG_WARN_INFINITE_RECURSION = YES;
				CLANG_WARN_INT_CONVERSION = YES;
				CLANG_WARN_NON_LITERAL_NULL_CONVERSION = YES;
				CLANG_WARN_OBJC_IMPLICIT_RETAIN_SELF = YES;
				CLANG_WARN_OBJC_LITERAL_CONVERSION = YES;
				CLANG_WARN_OBJC_ROOT_CLASS = YES_ERROR;
				CLANG_WARN_QUOTED_INCLUDE_IN_FRAMEWORK_HEADER = YES;
				CLANG_WARN_RANGE_LOOP_ANALYSIS = YES;
				CLANG_WARN_STRICT_PROTOTYPES = YES;
				CLANG_WARN_SUSPICIOUS_MOVE = YES;
				CLANG_WARN_UNGUARDED_AVAILABILITY = YES_AGGRESSIVE;
				CLANG_WARN_UNREACHABLE_CODE = YES;
				CLANG_WARN__DUPLICATE_METHOD_MATCH = YES;
				COPY_PHASE_STRIP = NO;
				DEBUG_INFORMATION_FORMAT = dwarf;
				ENABLE_STRICT_OBJC_MSGSEND = YES;
				ENABLE_TESTABILITY = YES;
				ENABLE_USER_SCRIPT_SANDBOXING = YES;
				GCC_C_LANGUAGE_STANDARD = gnu17;
				GCC_DYNAMIC_NO_PIC = NO;
				GCC_NO_COMMON_BLOCKS = YES;
				GCC_OPTIMIZATION_LEVEL = 0;
				GCC_PREPROCESSOR_DEFINITIONS = (
					"DEBUG=1",
					"$(inherited)",
				);
				GCC_WARN_64_TO_32_BIT_CONVERSION = YES;
				GCC_WARN_ABOUT_RETURN_TYPE = YES_ERROR;
				GCC_WARN_UNDECLARED_SELECTOR = YES;
				GCC_WARN_UNINITIALIZED_AUTOS = YES_AGGRESSIVE;
				GCC_WARN_UNUSED_FUNCTION = YES;
				GCC_WARN_UNUSED_VARIABLE = YES;
				LOCALIZATION_PREFERS_STRING_CATALOGS = YES;
				MACOSX_DEPLOYMENT_TARGET = 13.6;
				MTL_ENABLE_DEBUG_INFO = INCLUDE_SOURCE;
				MTL_FAST_MATH = YES;
				ONLY_ACTIVE_ARCH = YES;
				SDKROOT = macosx;
				SWIFT_ACTIVE_COMPILATION_CONDITIONS = "DEBUG $(inherited)";
				SWIFT_OPTIMIZATION_LEVEL = "-Onone";
			};
			name = Debug;
		};
		3DF100082B300A0F008FEBBB /* Release */ = {
			isa = XCBuildConfiguration;
			buildSettings = {
				ALWAYS_SEARCH_USER_PATHS = NO;
				ASSETCATALOG_COMPILER_GENERATE_SWIFT_ASSET_SYMBOL_EXTENSIONS = YES;
				CLANG_ANALYZER_NONNULL = YES;
				CLANG_ANALYZER_NUMBER_OBJECT_CONVERSION = YES_AGGRESSIVE;
				CLANG_CXX_LANGUAGE_STANDARD = "gnu++20";
				CLANG_ENABLE_MODULES = YES;
				CLANG_ENABLE_OBJC_ARC = YES;
				CLANG_ENABLE_OBJC_WEAK = YES;
				CLANG_WARN_BLOCK_CAPTURE_AUTORELEASING = YES;
				CLANG_WARN_BOOL_CONVERSION = YES;
				CLANG_WARN_COMMA = YES;
				CLANG_WARN_CONSTANT_CONVERSION = YES;
				CLANG_WARN_DEPRECATED_OBJC_IMPLEMENTATIONS = YES;
				CLANG_WARN_DIRECT_OBJC_ISA_USAGE = YES_ERROR;
				CLANG_WARN_DOCUMENTATION_COMMENTS = YES;
				CLANG_WARN_EMPTY_BODY = YES;
				CLANG_WARN_ENUM_CONVERSION = YES;
				CLANG_WARN_INFINITE_RECURSION = YES;
				CLANG_WARN_INT_CONVERSION = YES;
				CLANG_WARN_NON_LITERAL_NULL_CONVERSION = YES;
				CLANG_WARN_OBJC_IMPLICIT_RETAIN_SELF = YES;
				CLANG_WARN_OBJC_LITERAL_CONVERSION = YES;
				CLANG_WARN_OBJC_ROOT_CLASS = YES_ERROR;
				CLANG_WARN_QUOTED_INCLUDE_IN_FRAMEWORK_HEADER = YES;
				CLANG_WARN_RANGE_LOOP_ANALYSIS = YES;
				CLANG_WARN_STRICT_PROTOTYPES = YES;
				CLANG_WARN_SUSPICIOUS_MOVE = YES;
				CLANG_WARN_UNGUARDED_AVAILABILITY = YES_AGGRESSIVE;
				CLANG_WARN_UNREACHABLE_CODE = YES;
				CLANG_WARN__DUPLICATE_METHOD_MATCH = YES;
				COPY_PHASE_STRIP = NO;
				DEBUG_INFORMATION_FORMAT = "dwarf-with-dsym";
				ENABLE_NS_ASSERTIONS = NO;
				ENABLE_STRICT_OBJC_MSGSEND = YES;
				ENABLE_USER_SCRIPT_SANDBOXING = YES;
				GCC_C_LANGUAGE_STANDARD = gnu17;
				GCC_NO_COMMON_BLOCKS = YES;
				GCC_WARN_64_TO_32_BIT_CONVERSION = YES;
				GCC_WARN_ABOUT_RETURN_TYPE = YES_ERROR;
				GCC_WARN_UNDECLARED_SELECTOR = YES;
				GCC_WARN_UNINITIALIZED_AUTOS = YES_AGGRESSIVE;
				GCC_WARN_UNUSED_FUNCTION = YES;
				GCC_WARN_UNUSED_VARIABLE = YES;
				LOCALIZATION_PREFERS_STRING_CATALOGS = YES;
				MACOSX_DEPLOYMENT_TARGET = 13.6;
				MTL_ENABLE_DEBUG_INFO = NO;
				MTL_FAST_MATH = YES;
				SDKROOT = macosx;
				SWIFT_COMPILATION_MODE = wholemodule;
			};
			name = Release;
		};
		3DF1000A2B300A0F008FEBBB /* Debug */ = {
			isa = XCBuildConfiguration;
			buildSettings = {
				CLANG_ENABLE_MODULES = YES;
				CODE_SIGN_STYLE = Automatic;
				DEVELOPMENT_TEAM = XYP4CK6HFK;
				ENABLE_HARDENED_RUNTIME = YES;
				PRODUCT_NAME = "$(TARGET_NAME)";
				SWIFT_OPTIMIZATION_LEVEL = "-Onone";
				SWIFT_VERSION = 5.0;
			};
			name = Debug;
		};
		3DF1000B2B300A0F008FEBBB /* Release */ = {
			isa = XCBuildConfiguration;
			buildSettings = {
				CLANG_ENABLE_MODULES = YES;
				CODE_SIGN_STYLE = Automatic;
				DEVELOPMENT_TEAM = XYP4CK6HFK;
				ENABLE_HARDENED_RUNTIME = YES;
				PRODUCT_NAME = "$(TARGET_NAME)";
				SWIFT_VERSION = 5.0;
			};
			name = Release;
		};
/* End XCBuildConfiguration section */

/* Begin XCConfigurationList section */
		3DF100092B300A0F008FEBBB /* Build configuration list for PBXNativeTarget "Swift Algorithm" */ = {
			isa = XCConfigurationList;
			buildConfigurations = (
				3DF1000A2B300A0F008FEBBB /* Debug */,
				3DF1000B2B300A0F008FEBBB /* Release */,
			);
			defaultConfigurationIsVisible = 0;
			defaultConfigurationName = Release;
		};
		3DF1FFFD2B300A0F008FEBBB /* Build configuration list for PBXProject "Swift Algorithm" */ = {
			isa = XCConfigurationList;
			buildConfigurations = (
				3DF100072B300A0F008FEBBB /* Debug */,
				3DF100082B300A0F008FEBBB /* Release */,
			);
			defaultConfigurationIsVisible = 0;
			defaultConfigurationName = Release;
		};
/* End XCConfigurationList section */
	};
	rootObject = 3DF1FFFA2B300A0F008FEBBB /* Project object */;
}
